<?xml version="1.0" encoding="utf-8"?>
<Project ToolsVersion="4.0" xmlns="http://schemas.microsoft.com/developer/msbuild/2003">
  <ItemGroup>
    <Filter Include="notes">
      <UniqueIdentifier>{4FC737F1-C7A5-4376-A066-2A32D752A2FF}</UniqueIdentifier>
      <Extensions>cpp;c;cc;cxx;c++;cppm;ixx;def;odl;idl;hpj;bat;asm;asmx</Extensions>
    </Filter>
    <Filter Include="nucleus">
      <UniqueIdentifier>{03c3400a-cc9f-4d0c-8cb0-94d532511d5e}</UniqueIdentifier>
    </Filter>
    <Filter Include="queues">
      <UniqueIdentifier>{a1fb1d67-23ec-4b2f-a819-7b3b61ddf9fa}</UniqueIdentifier>
    </Filter>
    <Filter Include="support">
      <UniqueIdentifier>{544e153d-4387-465e-87a9-8a6a779997e1}</UniqueIdentifier>
    </Filter>
    <Filter Include="h">
      <UniqueIdentifier>{93995380-89BD-4b04-88EB-625FBE52EBFB}</UniqueIdentifier>
      <Extensions>h;hh;hpp;hxx;h++;hm;inl;inc;ipp;xsd</Extensions>
    </Filter>
    <Filter Include="nucleus\traps">
      <UniqueIdentifier>{e162f71c-6ba9-41c6-b344-0ae8edb69069}</UniqueIdentifier>
    </Filter>
    <Filter Include="nucleus\interrupts">
      <UniqueIdentifier>{afe8195d-8cf1-4e24-b102-276c794ba8c7}</UniqueIdentifier>
    </Filter>
  </ItemGroup>
  <ItemGroup>
    <ClInclude Include="Notes\Exceptions.h">
      <Filter>notes</Filter>
    </ClInclude>
    <ClInclude Include="h\asl.h">
      <Filter>h</Filter>
    </ClInclude>
    <ClInclude Include="h\const.h">
      <Filter>h</Filter>
    </ClInclude>
    <ClInclude Include="h\procq.h">
      <Filter>h</Filter>
    </ClInclude>
    <ClInclude Include="h\util.h">
      <Filter>h</Filter>
    </ClInclude>
    <ClInclude Include="h\vpop.h">
      <Filter>h</Filter>
    </ClInclude>
  </ItemGroup>
  <ItemGroup>
    <ClCompile Include="Notes\Intro.h">
      <Filter>notes</Filter>
    </ClCompile>
    <ClCompile Include="Notes\OperatingSystems101.h">
      <Filter>notes</Filter>
    </ClCompile>
    <ClCompile Include="Notes\Processes.h">
      <Filter>notes</Filter>
    </ClCompile>
    <ClCompile Include="Queues\procq.c">
      <Filter>queues</Filter>
    </ClCompile>
    <ClCompile Include="Notes\ActiveSemaphores.h">
      <Filter>notes</Filter>
    </ClCompile>
    <ClCompile Include="Queues\asl.c">
      <Filter>queues</Filter>
    </ClCompile>
    <ClCompile Include="h\types.h">
      <Filter>h</Filter>
    </ClCompile>
    <ClCompile Include="queues\p1test2.c">
      <Filter>queues</Filter>
    </ClCompile>
    <ClCompile Include="queues\p1test.c">
      <Filter>queues</Filter>
    </ClCompile>
    <ClCompile Include="nucleus\traps\main.c">
      <Filter>nucleus\traps</Filter>
    </ClCompile>
    <ClCompile Include="nucleus\traps\trap.c">
      <Filter>nucleus\traps</Filter>
    </ClCompile>
    <ClCompile Include="nucleus\traps\syscall.c">
      <Filter>nucleus\traps</Filter>
    </ClCompile>
    <ClCompile Include="nucleus\interrupts\int.c">
      <Filter>nucleus\interrupts</Filter>
    </ClCompile>
    <ClCompile Include="nucleus\traps\p1.c">
      <Filter>nucleus\traps</Filter>
    </ClCompile>
    <ClCompile Include="notes\NucleasPart1.c">
      <Filter>notes</Filter>
    </ClCompile>
    <ClCompile Include="nucleus\traps\p1.2.c">
      <Filter>nucleus\traps</Filter>
    </ClCompile>
  </ItemGroup>
  <ItemGroup>
    <None Include="h\asl.e">
      <Filter>h</Filter>
    </None>
    <None Include="h\procq.e">
      <Filter>h</Filter>
    </None>
    <None Include="queues\Makefile">
      <Filter>queues</Filter>
    </None>
    <None Include="queues\p1test3.c">
      <Filter>queues</Filter>
    </None>
    <None Include="queues\README">
      <Filter>queues</Filter>
    </None>
    <None Include="queues\README.instructions">
      <Filter>queues</Filter>
    </None>
    <None Include="nucleus\traps\Makefile">
      <Filter>nucleus\traps</Filter>
    </None>
  </ItemGroup>
  <ItemGroup>
    <Text Include="notes\Scheduling.h">
      <Filter>notes</Filter>
    </Text>
  </ItemGroup>
</Project>